
Microsoft Visual Studio Solution File, Format Version 12.00
# Visual Studio Version 17
VisualStudioVersion = 17.11.35312.102
MinimumVisualStudioVersion = 10.0.40219.1
Project("{9A19103F-16F7-4668-BE54-9A1E7A4F7556}") = "RadioHeadNet", "RadioHeadNet\RadioHeadNet.csproj", "{0D4175D3-DAF7-4C55-B067-CC686796AEFB}"
EndProject
Project("{9A19103F-16F7-4668-BE54-9A1E7A4F7556}") = "RadioHeadNet.Tests", "RadioHeadNet.Tests\RadioHeadNet.Tests.csproj", "{D31D2A5B-D0C0-45CF-BC97-7B7B21435DD0}"
EndProject
Project("{9A19103F-16F7-4668-BE54-9A1E7A4F7556}") = "UnitTestLogger", "UnitTestLogger\UnitTestLogger.csproj", "{AD5B9CAD-5C2E-4320-B0AE-1347C7A970F7}"
EndProject
Project("{FAE04EC0-301F-11D3-BF4B-00C04F79EFBC}") = "RadioHeadNet.TestDriver", "RadioHeadNet.TestDriver\RadioHeadNet.TestDriver.csproj", "{B676C56C-8439-44C2-9C57-F90C2DA9B653}"
EndProject
Global
	GlobalSection(SolutionConfigurationPlatforms) = preSolution
		Debug|Any CPU = Debug|Any CPU
		Release|Any CPU = Release|Any CPU
	EndGlobalSection
	GlobalSection(ProjectConfigurationPlatforms) = postSolution
		{0D4175D3-DAF7-4C55-B067-CC686796AEFB}.Debug|Any CPU.ActiveCfg = Debug|Any CPU
		{0D4175D3-DAF7-4C55-B067-CC686796AEFB}.Debug|Any CPU.Build.0 = Debug|Any CPU
		{0D4175D3-DAF7-4C55-B067-CC686796AEFB}.Release|Any CPU.ActiveCfg = Release|Any CPU
		{0D4175D3-DAF7-4C55-B067-CC686796AEFB}.Release|Any CPU.Build.0 = Release|Any CPU
		{D31D2A5B-D0C0-45CF-BC97-7B7B21435DD0}.Debug|Any CPU.ActiveCfg = Debug|Any CPU
		{D31D2A5B-D0C0-45CF-BC97-7B7B21435DD0}.Debug|Any CPU.Build.0 = Debug|Any CPU
		{D31D2A5B-D0C0-45CF-BC97-7B7B21435DD0}.Release|Any CPU.ActiveCfg = Release|Any CPU
		{D31D2A5B-D0C0-45CF-BC97-7B7B21435DD0}.Release|Any CPU.Build.0 = Release|Any CPU
		{AD5B9CAD-5C2E-4320-B0AE-1347C7A970F7}.Debug|Any CPU.ActiveCfg = Debug|Any CPU
		{AD5B9CAD-5C2E-4320-B0AE-1347C7A970F7}.Debug|Any CPU.Build.0 = Debug|Any CPU
		{AD5B9CAD-5C2E-4320-B0AE-1347C7A970F7}.Release|Any CPU.ActiveCfg = Release|Any CPU
		{AD5B9CAD-5C2E-4320-B0AE-1347C7A970F7}.Release|Any CPU.Build.0 = Release|Any CPU
		{B676C56C-8439-44C2-9C57-F90C2DA9B653}.Debug|Any CPU.ActiveCfg = Debug|Any CPU
		{B676C56C-8439-44C2-9C57-F90C2DA9B653}.Debug|Any CPU.Build.0 = Debug|Any CPU
		{B676C56C-8439-44C2-9C57-F90C2DA9B653}.Release|Any CPU.ActiveCfg = Release|Any CPU
		{B676C56C-8439-44C2-9C57-F90C2DA9B653}.Release|Any CPU.Build.0 = Release|Any CPU
	EndGlobalSection
	GlobalSection(SolutionProperties) = preSolution
		HideSolutionNode = FALSE
	EndGlobalSection
	GlobalSection(ExtensibilityGlobals) = postSolution
		SolutionGuid = {04E1449A-3F2D-41F1-BBBE-2A8F099CB48E}
	EndGlobalSection
EndGlobal
