
Microsoft Visual Studio Solution File, Format Version 12.00
# Visual Studio Version 17
VisualStudioVersion = 17.11.35312.102
MinimumVisualStudioVersion = 10.0.40219.1
Project("{2150E333-8FDC-42A3-9474-1A3956D46DE8}") = "NanoFramework", "NanoFramework", "{B099FDE5-0FA9-4FFA-974F-5E8BC5AB2112}"
EndProject
Project("{2150E333-8FDC-42A3-9474-1A3956D46DE8}") = "Analysis", "Analysis", "{A6AFF2B5-9B19-4016-8F04-1B16DA512089}"
EndProject
Project("{2150E333-8FDC-42A3-9474-1A3956D46DE8}") = "IOT", "IOT", "{D0D59772-536A-40AA-8A58-C285CDEDBFF4}"
EndProject
Project("{FAE04EC0-301F-11D3-BF4B-00C04F79EFBC}") = "Rf69CaptureAnalyzer", "Analyzer\Rf69CaptureAnalyzer\Rf69CaptureAnalyzer.csproj", "{6B30BFE5-8A2A-42DB-B349-4660E143F841}"
EndProject
Project("{2150E333-8FDC-42A3-9474-1A3956D46DE8}") = "TestData", "TestData", "{0B01122C-57B5-404A-8931-89ABD515ED9C}"
	ProjectSection(SolutionItems) = preProject
		Analyzer\TestData\Arduino_RF69_Capture.csv = Analyzer\TestData\Arduino_RF69_Capture.csv
		Analyzer\TestData\IOT_RF69_Capture.csv = Analyzer\TestData\IOT_RF69_Capture.csv
		Analyzer\TestData\NF_RF69_Capture.csv = Analyzer\TestData\NF_RF69_Capture.csv
		Analyzer\TestData\NF_RF69_Standalone_Capture.csv = Analyzer\TestData\NF_RF69_Standalone_Capture.csv
		Analyzer\TestData\NPacketRadio_RF69.csv = Analyzer\TestData\NPacketRadio_RF69.csv
		Analyzer\TestData\RadioHeadNet_RF69.csv = Analyzer\TestData\RadioHeadNet_RF69.csv
	EndProjectSection
EndProject
Project("{2150E333-8FDC-42A3-9474-1A3956D46DE8}") = "Docs", "Docs", "{F1314E58-CC5B-4E15-A368-6148364F8546}"
EndProject
Project("{2150E333-8FDC-42A3-9474-1A3956D46DE8}") = "DataSheets", "DataSheets", "{5DEDB972-9246-483A-A730-A3A377DF1E6A}"
	ProjectSection(SolutionItems) = preProject
		Docs\Datasheets\RFM69HCW-V1.1.pdf = Docs\Datasheets\RFM69HCW-V1.1.pdf
		Docs\Datasheets\RFM96W-V2.0_1695351477.pdf = Docs\Datasheets\RFM96W-V2.0_1695351477.pdf
		Docs\Datasheets\sx1231.pdf = Docs\Datasheets\sx1231.pdf
		Docs\Datasheets\sx1276_77_78_79.pdf = Docs\Datasheets\sx1276_77_78_79.pdf
	EndProjectSection
EndProject
Project("{2150E333-8FDC-42A3-9474-1A3956D46DE8}") = "Examples", "Examples", "{02EA681E-C7D8-13C7-8484-4AC65E1B71E8}"
EndProject
Project("{2150E333-8FDC-42A3-9474-1A3956D46DE8}") = "IOT", "IOT", "{ECBE0F43-EDA8-4806-AC4B-72D73D4DC758}"
	ProjectSection(SolutionItems) = preProject
		Examples\IOT\readme.md = Examples\IOT\readme.md
	EndProjectSection
EndProject
Project("{2150E333-8FDC-42A3-9474-1A3956D46DE8}") = "nanoFramework", "nanoFramework", "{4E46E2EB-1447-4142-9146-5AFB088A60F0}"
EndProject
Project("{2150E333-8FDC-42A3-9474-1A3956D46DE8}") = "Rf69", "Rf69", "{5DB83114-78AD-44D6-98D9-4681FF07D001}"
EndProject
Project("{2150E333-8FDC-42A3-9474-1A3956D46DE8}") = "Rf69", "Rf69", "{15EBE303-3001-4CA7-93E1-1C993B0488D3}"
EndProject
Project("{FAE04EC0-301F-11D3-BF4B-00C04F79EFBC}") = "Rf69ClientIot", "Examples\IOT\Rf69\Rf69ClientIot\Rf69ClientIot.csproj", "{268A95AB-B563-FE60-F800-9925A3EA1180}"
EndProject
Project("{FAE04EC0-301F-11D3-BF4B-00C04F79EFBC}") = "Rf69ServerIot", "Examples\IOT\Rf69\Rf69ServerIot\Rf69ServerIot.csproj", "{0B3C7051-E54B-C724-9E1F-C731E4FBEAC3}"
EndProject
Project("{11A8DD76-328B-46DF-9F39-F559912D0360}") = "Rf69ClientNf", "Examples\nanoFramework\Rf69\Rf69ClientNf\Rf69ClientNf.nfproj", "{8AE2E2CA-D49A-4B85-A883-C37188CE7D40}"
EndProject
Project("{11A8DD76-328B-46DF-9F39-F559912D0360}") = "Rf69ServerNf", "Examples\nanoFramework\Rf69\Rf69ServerNf\Rf69ServerNf.nfproj", "{2A33D909-B216-4ECB-AC3A-25C598FA4E7F}"
EndProject
Project("{11A8DD76-328B-46DF-9F39-F559912D0360}") = "Rf69SharedNf", "Examples\nanoFramework\Rf69\Rf69SharedNf\Rf69SharedNf.nfproj", "{71B046D1-3D34-4287-AC68-3E3149633055}"
EndProject
Project("{2150E333-8FDC-42A3-9474-1A3956D46DE8}") = "Tests", "Tests", "{CE8724E7-D27C-4D8A-AE77-153E2E55600B}"
EndProject
Project("{FAE04EC0-301F-11D3-BF4B-00C04F79EFBC}") = "RadioHeadIot.Tests", "Tests\RadioHeadIot.Tests\RadioHeadIot.Tests.csproj", "{63D8B559-FAB5-02D6-7DAD-3A555E858427}"
EndProject
Project("{FAE04EC0-301F-11D3-BF4B-00C04F79EFBC}") = "UnitTestLogger", "Tests\UnitTestLogger\UnitTestLogger.csproj", "{5BE8E482-F63D-8EBE-4075-17B9EBFE6AA3}"
EndProject
Project("{FAE04EC0-301F-11D3-BF4B-00C04F79EFBC}") = "RadioHeadIot.Configuration.Tests", "Tests\RadioHeadIot.Configuration.Tests\RadioHeadIot.Configuration.Tests.csproj", "{F82D8247-667F-C863-B8E5-7DC8A453679D}"
EndProject
Project("{11A8DD76-328B-46DF-9F39-F559912D0360}") = "RadioHeadNf.TestDriver", "nanoFramework\RadioHeadNf.TestDriver\RadioHeadNf.TestDriver.nfproj", "{EC4DED8A-7A2B-46D7-BC59-F8364E5FADB0}"
EndProject
Project("{D954291E-2A0B-460D-934E-DC6B0785DB48}") = "RadioHead", "RadioHead\RadioHead.shproj", "{55877C4D-9983-4438-AE11-51DC19846DDC}"
EndProject
Project("{2150E333-8FDC-42A3-9474-1A3956D46DE8}") = "Solution Items", "Solution Items", "{8EC462FD-D22E-90A8-E5CE-7E832BA40C5D}"
	ProjectSection(SolutionItems) = preProject
		README.md = README.md
	EndProjectSection
EndProject
Project("{FAE04EC0-301F-11D3-BF4B-00C04F79EFBC}") = "Rf69SharedIot", "Examples\IOT\Rf69\Rf69SharedIot\Rf69SharedIot.csproj", "{76796685-1432-4213-3523-E2B5FD5AF9B1}"
EndProject
Project("{2150E333-8FDC-42A3-9474-1A3956D46DE8}") = "Rf69", "Rf69", "{E243BC96-0A4A-4F22-BA3A-871848AA7A84}"
EndProject
Project("{11A8DD76-328B-46DF-9F39-F559912D0360}") = "RadioHeadNf", "nanoFramework\Rf69\RadioHeadNf\RadioHeadNf.nfproj", "{A55DC3E6-D5F2-4FE1-BF78-A78ABC911E87}"
EndProject
Project("{FAE04EC0-301F-11D3-BF4B-00C04F79EFBC}") = "RadioHeadIot", "IOT\RadioHeadIot\RadioHeadIot.csproj", "{7A9E9894-185C-83CB-4D89-F6177A938487}"
EndProject
Project("{FAE04EC0-301F-11D3-BF4B-00C04F79EFBC}") = "RadioHeadIot.Configuration", "IOT\RadioHeadIot.Configuration\RadioHeadIot.Configuration.csproj", "{ED4C589A-AC57-4854-B415-E53F8E54494C}"
EndProject
Project("{2150E333-8FDC-42A3-9474-1A3956D46DE8}") = "Rf95", "Rf95", "{FBA5FC4E-6853-40A1-839B-22A8D553D061}"
EndProject
Project("{FAE04EC0-301F-11D3-BF4B-00C04F79EFBC}") = "Rf95SharedIot", "Examples\IOT\Rf95\Rf95SharedIot\Rf95SharedIot.csproj", "{BF0C19C3-B4C1-48B9-8763-EF3369C3D3DF}"
EndProject
Project("{FAE04EC0-301F-11D3-BF4B-00C04F79EFBC}") = "Rf95ClientIot", "Examples\IOT\Rf95\Rf95ClientIot\Rf95ClientIot.csproj", "{0C680A37-E5E6-4FC4-BF41-48EFDBF14A1E}"
EndProject
Project("{FAE04EC0-301F-11D3-BF4B-00C04F79EFBC}") = "Rf95ServerIot", "Examples\IOT\Rf95\Rf95ServerIot\Rf95ServerIot.csproj", "{DF84B87B-EB55-46D0-BB0E-12EB62E85CD8}"
EndProject
Project("{2150E333-8FDC-42A3-9474-1A3956D46DE8}") = "Rf95", "Rf95", "{00F2B33E-269D-78EE-BE5A-3D415338FF6A}"
EndProject
Project("{11A8DD76-328B-46DF-9F39-F559912D0360}") = "Rf95SharedNf", "Examples\nanoFramework\Rf95\Rf95SharedNf\Rf95SharedNf.nfproj", "{80DFCCE9-FD20-4175-97AD-8F3BB8D83509}"
EndProject
Project("{11A8DD76-328B-46DF-9F39-F559912D0360}") = "Rf95ClientNf", "Examples\nanoFramework\Rf95\Rf95ClientNf\Rf95ClientNf.nfproj", "{4C928F73-C5A9-4B40-A4C2-6C22397B2A1C}"
EndProject
Project("{11A8DD76-328B-46DF-9F39-F559912D0360}") = "Rf95ServerNf", "Examples\nanoFramework\Rf95\Rf95ServerNf\Rf95ServerNf.nfproj", "{371C39C8-0500-4DA7-8283-E3209351FFF8}"
EndProject
Global
	GlobalSection(SolutionConfigurationPlatforms) = preSolution
		Debug|Any CPU = Debug|Any CPU
		Debug|x64 = Debug|x64
		Debug|x86 = Debug|x86
		Release|Any CPU = Release|Any CPU
		Release|x64 = Release|x64
		Release|x86 = Release|x86
	EndGlobalSection
	GlobalSection(ProjectConfigurationPlatforms) = postSolution
		{6B30BFE5-8A2A-42DB-B349-4660E143F841}.Debug|Any CPU.ActiveCfg = Debug|Any CPU
		{6B30BFE5-8A2A-42DB-B349-4660E143F841}.Debug|Any CPU.Build.0 = Debug|Any CPU
		{6B30BFE5-8A2A-42DB-B349-4660E143F841}.Debug|x64.ActiveCfg = Debug|Any CPU
		{6B30BFE5-8A2A-42DB-B349-4660E143F841}.Debug|x64.Build.0 = Debug|Any CPU
		{6B30BFE5-8A2A-42DB-B349-4660E143F841}.Debug|x86.ActiveCfg = Debug|Any CPU
		{6B30BFE5-8A2A-42DB-B349-4660E143F841}.Debug|x86.Build.0 = Debug|Any CPU
		{6B30BFE5-8A2A-42DB-B349-4660E143F841}.Release|Any CPU.ActiveCfg = Release|Any CPU
		{6B30BFE5-8A2A-42DB-B349-4660E143F841}.Release|Any CPU.Build.0 = Release|Any CPU
		{6B30BFE5-8A2A-42DB-B349-4660E143F841}.Release|x64.ActiveCfg = Release|Any CPU
		{6B30BFE5-8A2A-42DB-B349-4660E143F841}.Release|x64.Build.0 = Release|Any CPU
		{6B30BFE5-8A2A-42DB-B349-4660E143F841}.Release|x86.ActiveCfg = Release|Any CPU
		{6B30BFE5-8A2A-42DB-B349-4660E143F841}.Release|x86.Build.0 = Release|Any CPU
		{268A95AB-B563-FE60-F800-9925A3EA1180}.Debug|Any CPU.ActiveCfg = Debug|Any CPU
		{268A95AB-B563-FE60-F800-9925A3EA1180}.Debug|Any CPU.Build.0 = Debug|Any CPU
		{268A95AB-B563-FE60-F800-9925A3EA1180}.Debug|x64.ActiveCfg = Debug|Any CPU
		{268A95AB-B563-FE60-F800-9925A3EA1180}.Debug|x64.Build.0 = Debug|Any CPU
		{268A95AB-B563-FE60-F800-9925A3EA1180}.Debug|x86.ActiveCfg = Debug|Any CPU
		{268A95AB-B563-FE60-F800-9925A3EA1180}.Debug|x86.Build.0 = Debug|Any CPU
		{268A95AB-B563-FE60-F800-9925A3EA1180}.Release|Any CPU.ActiveCfg = Release|Any CPU
		{268A95AB-B563-FE60-F800-9925A3EA1180}.Release|Any CPU.Build.0 = Release|Any CPU
		{268A95AB-B563-FE60-F800-9925A3EA1180}.Release|x64.ActiveCfg = Release|Any CPU
		{268A95AB-B563-FE60-F800-9925A3EA1180}.Release|x64.Build.0 = Release|Any CPU
		{268A95AB-B563-FE60-F800-9925A3EA1180}.Release|x86.ActiveCfg = Release|Any CPU
		{268A95AB-B563-FE60-F800-9925A3EA1180}.Release|x86.Build.0 = Release|Any CPU
		{0B3C7051-E54B-C724-9E1F-C731E4FBEAC3}.Debug|Any CPU.ActiveCfg = Debug|Any CPU
		{0B3C7051-E54B-C724-9E1F-C731E4FBEAC3}.Debug|Any CPU.Build.0 = Debug|Any CPU
		{0B3C7051-E54B-C724-9E1F-C731E4FBEAC3}.Debug|x64.ActiveCfg = Debug|Any CPU
		{0B3C7051-E54B-C724-9E1F-C731E4FBEAC3}.Debug|x64.Build.0 = Debug|Any CPU
		{0B3C7051-E54B-C724-9E1F-C731E4FBEAC3}.Debug|x86.ActiveCfg = Debug|Any CPU
		{0B3C7051-E54B-C724-9E1F-C731E4FBEAC3}.Debug|x86.Build.0 = Debug|Any CPU
		{0B3C7051-E54B-C724-9E1F-C731E4FBEAC3}.Release|Any CPU.ActiveCfg = Release|Any CPU
		{0B3C7051-E54B-C724-9E1F-C731E4FBEAC3}.Release|Any CPU.Build.0 = Release|Any CPU
		{0B3C7051-E54B-C724-9E1F-C731E4FBEAC3}.Release|x64.ActiveCfg = Release|Any CPU
		{0B3C7051-E54B-C724-9E1F-C731E4FBEAC3}.Release|x64.Build.0 = Release|Any CPU
		{0B3C7051-E54B-C724-9E1F-C731E4FBEAC3}.Release|x86.ActiveCfg = Release|Any CPU
		{0B3C7051-E54B-C724-9E1F-C731E4FBEAC3}.Release|x86.Build.0 = Release|Any CPU
		{8AE2E2CA-D49A-4B85-A883-C37188CE7D40}.Debug|Any CPU.ActiveCfg = Debug|Any CPU
		{8AE2E2CA-D49A-4B85-A883-C37188CE7D40}.Debug|Any CPU.Build.0 = Debug|Any CPU
		{8AE2E2CA-D49A-4B85-A883-C37188CE7D40}.Debug|Any CPU.Deploy.0 = Debug|Any CPU
		{8AE2E2CA-D49A-4B85-A883-C37188CE7D40}.Debug|x64.ActiveCfg = Debug|x64
		{8AE2E2CA-D49A-4B85-A883-C37188CE7D40}.Debug|x64.Build.0 = Debug|x64
		{8AE2E2CA-D49A-4B85-A883-C37188CE7D40}.Debug|x86.ActiveCfg = Debug|x86
		{8AE2E2CA-D49A-4B85-A883-C37188CE7D40}.Debug|x86.Build.0 = Debug|x86
		{8AE2E2CA-D49A-4B85-A883-C37188CE7D40}.Release|Any CPU.ActiveCfg = Release|Any CPU
		{8AE2E2CA-D49A-4B85-A883-C37188CE7D40}.Release|Any CPU.Build.0 = Release|Any CPU
		{8AE2E2CA-D49A-4B85-A883-C37188CE7D40}.Release|Any CPU.Deploy.0 = Release|Any CPU
		{8AE2E2CA-D49A-4B85-A883-C37188CE7D40}.Release|x64.ActiveCfg = Release|x64
		{8AE2E2CA-D49A-4B85-A883-C37188CE7D40}.Release|x64.Build.0 = Release|x64
		{8AE2E2CA-D49A-4B85-A883-C37188CE7D40}.Release|x86.ActiveCfg = Release|x86
		{8AE2E2CA-D49A-4B85-A883-C37188CE7D40}.Release|x86.Build.0 = Release|x86
		{2A33D909-B216-4ECB-AC3A-25C598FA4E7F}.Debug|Any CPU.ActiveCfg = Debug|Any CPU
		{2A33D909-B216-4ECB-AC3A-25C598FA4E7F}.Debug|Any CPU.Build.0 = Debug|Any CPU
		{2A33D909-B216-4ECB-AC3A-25C598FA4E7F}.Debug|Any CPU.Deploy.0 = Debug|Any CPU
		{2A33D909-B216-4ECB-AC3A-25C598FA4E7F}.Debug|x64.ActiveCfg = Debug|x64
		{2A33D909-B216-4ECB-AC3A-25C598FA4E7F}.Debug|x64.Build.0 = Debug|x64
		{2A33D909-B216-4ECB-AC3A-25C598FA4E7F}.Debug|x86.ActiveCfg = Debug|x86
		{2A33D909-B216-4ECB-AC3A-25C598FA4E7F}.Debug|x86.Build.0 = Debug|x86
		{2A33D909-B216-4ECB-AC3A-25C598FA4E7F}.Release|Any CPU.ActiveCfg = Release|Any CPU
		{2A33D909-B216-4ECB-AC3A-25C598FA4E7F}.Release|Any CPU.Build.0 = Release|Any CPU
		{2A33D909-B216-4ECB-AC3A-25C598FA4E7F}.Release|Any CPU.Deploy.0 = Release|Any CPU
		{2A33D909-B216-4ECB-AC3A-25C598FA4E7F}.Release|x64.ActiveCfg = Release|x64
		{2A33D909-B216-4ECB-AC3A-25C598FA4E7F}.Release|x64.Build.0 = Release|x64
		{2A33D909-B216-4ECB-AC3A-25C598FA4E7F}.Release|x86.ActiveCfg = Release|x86
		{2A33D909-B216-4ECB-AC3A-25C598FA4E7F}.Release|x86.Build.0 = Release|x86
		{71B046D1-3D34-4287-AC68-3E3149633055}.Debug|Any CPU.ActiveCfg = Debug|Any CPU
		{71B046D1-3D34-4287-AC68-3E3149633055}.Debug|Any CPU.Build.0 = Debug|Any CPU
		{71B046D1-3D34-4287-AC68-3E3149633055}.Debug|Any CPU.Deploy.0 = Debug|Any CPU
		{71B046D1-3D34-4287-AC68-3E3149633055}.Debug|x64.ActiveCfg = Debug|x64
		{71B046D1-3D34-4287-AC68-3E3149633055}.Debug|x64.Build.0 = Debug|x64
		{71B046D1-3D34-4287-AC68-3E3149633055}.Debug|x86.ActiveCfg = Debug|x86
		{71B046D1-3D34-4287-AC68-3E3149633055}.Debug|x86.Build.0 = Debug|x86
		{71B046D1-3D34-4287-AC68-3E3149633055}.Release|Any CPU.ActiveCfg = Release|Any CPU
		{71B046D1-3D34-4287-AC68-3E3149633055}.Release|Any CPU.Build.0 = Release|Any CPU
		{71B046D1-3D34-4287-AC68-3E3149633055}.Release|Any CPU.Deploy.0 = Release|Any CPU
		{71B046D1-3D34-4287-AC68-3E3149633055}.Release|x64.ActiveCfg = Release|x64
		{71B046D1-3D34-4287-AC68-3E3149633055}.Release|x64.Build.0 = Release|x64
		{71B046D1-3D34-4287-AC68-3E3149633055}.Release|x86.ActiveCfg = Release|x86
		{71B046D1-3D34-4287-AC68-3E3149633055}.Release|x86.Build.0 = Release|x86
		{63D8B559-FAB5-02D6-7DAD-3A555E858427}.Debug|Any CPU.ActiveCfg = Debug|Any CPU
		{63D8B559-FAB5-02D6-7DAD-3A555E858427}.Debug|Any CPU.Build.0 = Debug|Any CPU
		{63D8B559-FAB5-02D6-7DAD-3A555E858427}.Debug|x64.ActiveCfg = Debug|Any CPU
		{63D8B559-FAB5-02D6-7DAD-3A555E858427}.Debug|x64.Build.0 = Debug|Any CPU
		{63D8B559-FAB5-02D6-7DAD-3A555E858427}.Debug|x86.ActiveCfg = Debug|Any CPU
		{63D8B559-FAB5-02D6-7DAD-3A555E858427}.Debug|x86.Build.0 = Debug|Any CPU
		{63D8B559-FAB5-02D6-7DAD-3A555E858427}.Release|Any CPU.ActiveCfg = Release|Any CPU
		{63D8B559-FAB5-02D6-7DAD-3A555E858427}.Release|Any CPU.Build.0 = Release|Any CPU
		{63D8B559-FAB5-02D6-7DAD-3A555E858427}.Release|x64.ActiveCfg = Release|Any CPU
		{63D8B559-FAB5-02D6-7DAD-3A555E858427}.Release|x64.Build.0 = Release|Any CPU
		{63D8B559-FAB5-02D6-7DAD-3A555E858427}.Release|x86.ActiveCfg = Release|Any CPU
		{63D8B559-FAB5-02D6-7DAD-3A555E858427}.Release|x86.Build.0 = Release|Any CPU
		{5BE8E482-F63D-8EBE-4075-17B9EBFE6AA3}.Debug|Any CPU.ActiveCfg = Debug|Any CPU
		{5BE8E482-F63D-8EBE-4075-17B9EBFE6AA3}.Debug|Any CPU.Build.0 = Debug|Any CPU
		{5BE8E482-F63D-8EBE-4075-17B9EBFE6AA3}.Debug|x64.ActiveCfg = Debug|Any CPU
		{5BE8E482-F63D-8EBE-4075-17B9EBFE6AA3}.Debug|x64.Build.0 = Debug|Any CPU
		{5BE8E482-F63D-8EBE-4075-17B9EBFE6AA3}.Debug|x86.ActiveCfg = Debug|Any CPU
		{5BE8E482-F63D-8EBE-4075-17B9EBFE6AA3}.Debug|x86.Build.0 = Debug|Any CPU
		{5BE8E482-F63D-8EBE-4075-17B9EBFE6AA3}.Release|Any CPU.ActiveCfg = Release|Any CPU
		{5BE8E482-F63D-8EBE-4075-17B9EBFE6AA3}.Release|Any CPU.Build.0 = Release|Any CPU
		{5BE8E482-F63D-8EBE-4075-17B9EBFE6AA3}.Release|x64.ActiveCfg = Release|Any CPU
		{5BE8E482-F63D-8EBE-4075-17B9EBFE6AA3}.Release|x64.Build.0 = Release|Any CPU
		{5BE8E482-F63D-8EBE-4075-17B9EBFE6AA3}.Release|x86.ActiveCfg = Release|Any CPU
		{5BE8E482-F63D-8EBE-4075-17B9EBFE6AA3}.Release|x86.Build.0 = Release|Any CPU
		{F82D8247-667F-C863-B8E5-7DC8A453679D}.Debug|Any CPU.ActiveCfg = Debug|Any CPU
		{F82D8247-667F-C863-B8E5-7DC8A453679D}.Debug|Any CPU.Build.0 = Debug|Any CPU
		{F82D8247-667F-C863-B8E5-7DC8A453679D}.Debug|x64.ActiveCfg = Debug|Any CPU
		{F82D8247-667F-C863-B8E5-7DC8A453679D}.Debug|x64.Build.0 = Debug|Any CPU
		{F82D8247-667F-C863-B8E5-7DC8A453679D}.Debug|x86.ActiveCfg = Debug|Any CPU
		{F82D8247-667F-C863-B8E5-7DC8A453679D}.Debug|x86.Build.0 = Debug|Any CPU
		{F82D8247-667F-C863-B8E5-7DC8A453679D}.Release|Any CPU.ActiveCfg = Release|Any CPU
		{F82D8247-667F-C863-B8E5-7DC8A453679D}.Release|Any CPU.Build.0 = Release|Any CPU
		{F82D8247-667F-C863-B8E5-7DC8A453679D}.Release|x64.ActiveCfg = Release|Any CPU
		{F82D8247-667F-C863-B8E5-7DC8A453679D}.Release|x64.Build.0 = Release|Any CPU
		{F82D8247-667F-C863-B8E5-7DC8A453679D}.Release|x86.ActiveCfg = Release|Any CPU
		{F82D8247-667F-C863-B8E5-7DC8A453679D}.Release|x86.Build.0 = Release|Any CPU
		{EC4DED8A-7A2B-46D7-BC59-F8364E5FADB0}.Debug|Any CPU.ActiveCfg = Debug|Any CPU
		{EC4DED8A-7A2B-46D7-BC59-F8364E5FADB0}.Debug|Any CPU.Build.0 = Debug|Any CPU
		{EC4DED8A-7A2B-46D7-BC59-F8364E5FADB0}.Debug|Any CPU.Deploy.0 = Debug|Any CPU
		{EC4DED8A-7A2B-46D7-BC59-F8364E5FADB0}.Debug|x64.ActiveCfg = Debug|x64
		{EC4DED8A-7A2B-46D7-BC59-F8364E5FADB0}.Debug|x64.Build.0 = Debug|x64
		{EC4DED8A-7A2B-46D7-BC59-F8364E5FADB0}.Debug|x86.ActiveCfg = Debug|x86
		{EC4DED8A-7A2B-46D7-BC59-F8364E5FADB0}.Debug|x86.Build.0 = Debug|x86
		{EC4DED8A-7A2B-46D7-BC59-F8364E5FADB0}.Release|Any CPU.ActiveCfg = Release|Any CPU
		{EC4DED8A-7A2B-46D7-BC59-F8364E5FADB0}.Release|Any CPU.Build.0 = Release|Any CPU
		{EC4DED8A-7A2B-46D7-BC59-F8364E5FADB0}.Release|Any CPU.Deploy.0 = Release|Any CPU
		{EC4DED8A-7A2B-46D7-BC59-F8364E5FADB0}.Release|x64.ActiveCfg = Release|x64
		{EC4DED8A-7A2B-46D7-BC59-F8364E5FADB0}.Release|x64.Build.0 = Release|x64
		{EC4DED8A-7A2B-46D7-BC59-F8364E5FADB0}.Release|x86.ActiveCfg = Release|x86
		{EC4DED8A-7A2B-46D7-BC59-F8364E5FADB0}.Release|x86.Build.0 = Release|x86
		{76796685-1432-4213-3523-E2B5FD5AF9B1}.Debug|Any CPU.ActiveCfg = Debug|Any CPU
		{76796685-1432-4213-3523-E2B5FD5AF9B1}.Debug|Any CPU.Build.0 = Debug|Any CPU
		{76796685-1432-4213-3523-E2B5FD5AF9B1}.Debug|x64.ActiveCfg = Debug|Any CPU
		{76796685-1432-4213-3523-E2B5FD5AF9B1}.Debug|x64.Build.0 = Debug|Any CPU
		{76796685-1432-4213-3523-E2B5FD5AF9B1}.Debug|x86.ActiveCfg = Debug|Any CPU
		{76796685-1432-4213-3523-E2B5FD5AF9B1}.Debug|x86.Build.0 = Debug|Any CPU
		{76796685-1432-4213-3523-E2B5FD5AF9B1}.Release|Any CPU.ActiveCfg = Release|Any CPU
		{76796685-1432-4213-3523-E2B5FD5AF9B1}.Release|Any CPU.Build.0 = Release|Any CPU
		{76796685-1432-4213-3523-E2B5FD5AF9B1}.Release|x64.ActiveCfg = Release|Any CPU
		{76796685-1432-4213-3523-E2B5FD5AF9B1}.Release|x64.Build.0 = Release|Any CPU
		{76796685-1432-4213-3523-E2B5FD5AF9B1}.Release|x86.ActiveCfg = Release|Any CPU
		{76796685-1432-4213-3523-E2B5FD5AF9B1}.Release|x86.Build.0 = Release|Any CPU
		{A55DC3E6-D5F2-4FE1-BF78-A78ABC911E87}.Debug|Any CPU.ActiveCfg = Debug|Any CPU
		{A55DC3E6-D5F2-4FE1-BF78-A78ABC911E87}.Debug|Any CPU.Build.0 = Debug|Any CPU
		{A55DC3E6-D5F2-4FE1-BF78-A78ABC911E87}.Debug|Any CPU.Deploy.0 = Debug|Any CPU
		{A55DC3E6-D5F2-4FE1-BF78-A78ABC911E87}.Debug|x64.ActiveCfg = Debug|Any CPU
		{A55DC3E6-D5F2-4FE1-BF78-A78ABC911E87}.Debug|x64.Build.0 = Debug|Any CPU
		{A55DC3E6-D5F2-4FE1-BF78-A78ABC911E87}.Debug|x64.Deploy.0 = Debug|Any CPU
		{A55DC3E6-D5F2-4FE1-BF78-A78ABC911E87}.Debug|x86.ActiveCfg = Debug|Any CPU
		{A55DC3E6-D5F2-4FE1-BF78-A78ABC911E87}.Debug|x86.Build.0 = Debug|Any CPU
		{A55DC3E6-D5F2-4FE1-BF78-A78ABC911E87}.Debug|x86.Deploy.0 = Debug|Any CPU
		{A55DC3E6-D5F2-4FE1-BF78-A78ABC911E87}.Release|Any CPU.ActiveCfg = Release|Any CPU
		{A55DC3E6-D5F2-4FE1-BF78-A78ABC911E87}.Release|Any CPU.Build.0 = Release|Any CPU
		{A55DC3E6-D5F2-4FE1-BF78-A78ABC911E87}.Release|Any CPU.Deploy.0 = Release|Any CPU
		{A55DC3E6-D5F2-4FE1-BF78-A78ABC911E87}.Release|x64.ActiveCfg = Release|Any CPU
		{A55DC3E6-D5F2-4FE1-BF78-A78ABC911E87}.Release|x64.Build.0 = Release|Any CPU
		{A55DC3E6-D5F2-4FE1-BF78-A78ABC911E87}.Release|x64.Deploy.0 = Release|Any CPU
		{A55DC3E6-D5F2-4FE1-BF78-A78ABC911E87}.Release|x86.ActiveCfg = Release|Any CPU
		{A55DC3E6-D5F2-4FE1-BF78-A78ABC911E87}.Release|x86.Build.0 = Release|Any CPU
		{A55DC3E6-D5F2-4FE1-BF78-A78ABC911E87}.Release|x86.Deploy.0 = Release|Any CPU
		{7A9E9894-185C-83CB-4D89-F6177A938487}.Debug|Any CPU.ActiveCfg = Debug|Any CPU
		{7A9E9894-185C-83CB-4D89-F6177A938487}.Debug|Any CPU.Build.0 = Debug|Any CPU
		{7A9E9894-185C-83CB-4D89-F6177A938487}.Debug|x64.ActiveCfg = Debug|Any CPU
		{7A9E9894-185C-83CB-4D89-F6177A938487}.Debug|x64.Build.0 = Debug|Any CPU
		{7A9E9894-185C-83CB-4D89-F6177A938487}.Debug|x86.ActiveCfg = Debug|Any CPU
		{7A9E9894-185C-83CB-4D89-F6177A938487}.Debug|x86.Build.0 = Debug|Any CPU
		{7A9E9894-185C-83CB-4D89-F6177A938487}.Release|Any CPU.ActiveCfg = Release|Any CPU
		{7A9E9894-185C-83CB-4D89-F6177A938487}.Release|Any CPU.Build.0 = Release|Any CPU
		{7A9E9894-185C-83CB-4D89-F6177A938487}.Release|x64.ActiveCfg = Release|Any CPU
		{7A9E9894-185C-83CB-4D89-F6177A938487}.Release|x64.Build.0 = Release|Any CPU
		{7A9E9894-185C-83CB-4D89-F6177A938487}.Release|x86.ActiveCfg = Release|Any CPU
		{7A9E9894-185C-83CB-4D89-F6177A938487}.Release|x86.Build.0 = Release|Any CPU
		{ED4C589A-AC57-4854-B415-E53F8E54494C}.Debug|Any CPU.ActiveCfg = Debug|Any CPU
		{ED4C589A-AC57-4854-B415-E53F8E54494C}.Debug|Any CPU.Build.0 = Debug|Any CPU
		{ED4C589A-AC57-4854-B415-E53F8E54494C}.Debug|x64.ActiveCfg = Debug|Any CPU
		{ED4C589A-AC57-4854-B415-E53F8E54494C}.Debug|x64.Build.0 = Debug|Any CPU
		{ED4C589A-AC57-4854-B415-E53F8E54494C}.Debug|x86.ActiveCfg = Debug|Any CPU
		{ED4C589A-AC57-4854-B415-E53F8E54494C}.Debug|x86.Build.0 = Debug|Any CPU
		{ED4C589A-AC57-4854-B415-E53F8E54494C}.Release|Any CPU.ActiveCfg = Release|Any CPU
		{ED4C589A-AC57-4854-B415-E53F8E54494C}.Release|Any CPU.Build.0 = Release|Any CPU
		{ED4C589A-AC57-4854-B415-E53F8E54494C}.Release|x64.ActiveCfg = Release|Any CPU
		{ED4C589A-AC57-4854-B415-E53F8E54494C}.Release|x64.Build.0 = Release|Any CPU
		{ED4C589A-AC57-4854-B415-E53F8E54494C}.Release|x86.ActiveCfg = Release|Any CPU
		{ED4C589A-AC57-4854-B415-E53F8E54494C}.Release|x86.Build.0 = Release|Any CPU
		{BF0C19C3-B4C1-48B9-8763-EF3369C3D3DF}.Debug|Any CPU.ActiveCfg = Debug|Any CPU
		{BF0C19C3-B4C1-48B9-8763-EF3369C3D3DF}.Debug|Any CPU.Build.0 = Debug|Any CPU
		{BF0C19C3-B4C1-48B9-8763-EF3369C3D3DF}.Debug|x64.ActiveCfg = Debug|Any CPU
		{BF0C19C3-B4C1-48B9-8763-EF3369C3D3DF}.Debug|x64.Build.0 = Debug|Any CPU
		{BF0C19C3-B4C1-48B9-8763-EF3369C3D3DF}.Debug|x86.ActiveCfg = Debug|Any CPU
		{BF0C19C3-B4C1-48B9-8763-EF3369C3D3DF}.Debug|x86.Build.0 = Debug|Any CPU
		{BF0C19C3-B4C1-48B9-8763-EF3369C3D3DF}.Release|Any CPU.ActiveCfg = Release|Any CPU
		{BF0C19C3-B4C1-48B9-8763-EF3369C3D3DF}.Release|Any CPU.Build.0 = Release|Any CPU
		{BF0C19C3-B4C1-48B9-8763-EF3369C3D3DF}.Release|x64.ActiveCfg = Release|Any CPU
		{BF0C19C3-B4C1-48B9-8763-EF3369C3D3DF}.Release|x64.Build.0 = Release|Any CPU
		{BF0C19C3-B4C1-48B9-8763-EF3369C3D3DF}.Release|x86.ActiveCfg = Release|Any CPU
		{BF0C19C3-B4C1-48B9-8763-EF3369C3D3DF}.Release|x86.Build.0 = Release|Any CPU
		{0C680A37-E5E6-4FC4-BF41-48EFDBF14A1E}.Debug|Any CPU.ActiveCfg = Debug|Any CPU
		{0C680A37-E5E6-4FC4-BF41-48EFDBF14A1E}.Debug|Any CPU.Build.0 = Debug|Any CPU
		{0C680A37-E5E6-4FC4-BF41-48EFDBF14A1E}.Debug|x64.ActiveCfg = Debug|Any CPU
		{0C680A37-E5E6-4FC4-BF41-48EFDBF14A1E}.Debug|x64.Build.0 = Debug|Any CPU
		{0C680A37-E5E6-4FC4-BF41-48EFDBF14A1E}.Debug|x86.ActiveCfg = Debug|Any CPU
		{0C680A37-E5E6-4FC4-BF41-48EFDBF14A1E}.Debug|x86.Build.0 = Debug|Any CPU
		{0C680A37-E5E6-4FC4-BF41-48EFDBF14A1E}.Release|Any CPU.ActiveCfg = Release|Any CPU
		{0C680A37-E5E6-4FC4-BF41-48EFDBF14A1E}.Release|Any CPU.Build.0 = Release|Any CPU
		{0C680A37-E5E6-4FC4-BF41-48EFDBF14A1E}.Release|x64.ActiveCfg = Release|Any CPU
		{0C680A37-E5E6-4FC4-BF41-48EFDBF14A1E}.Release|x64.Build.0 = Release|Any CPU
		{0C680A37-E5E6-4FC4-BF41-48EFDBF14A1E}.Release|x86.ActiveCfg = Release|Any CPU
		{0C680A37-E5E6-4FC4-BF41-48EFDBF14A1E}.Release|x86.Build.0 = Release|Any CPU
		{DF84B87B-EB55-46D0-BB0E-12EB62E85CD8}.Debug|Any CPU.ActiveCfg = Debug|Any CPU
		{DF84B87B-EB55-46D0-BB0E-12EB62E85CD8}.Debug|Any CPU.Build.0 = Debug|Any CPU
		{DF84B87B-EB55-46D0-BB0E-12EB62E85CD8}.Debug|x64.ActiveCfg = Debug|Any CPU
		{DF84B87B-EB55-46D0-BB0E-12EB62E85CD8}.Debug|x64.Build.0 = Debug|Any CPU
		{DF84B87B-EB55-46D0-BB0E-12EB62E85CD8}.Debug|x86.ActiveCfg = Debug|Any CPU
		{DF84B87B-EB55-46D0-BB0E-12EB62E85CD8}.Debug|x86.Build.0 = Debug|Any CPU
		{DF84B87B-EB55-46D0-BB0E-12EB62E85CD8}.Release|Any CPU.ActiveCfg = Release|Any CPU
		{DF84B87B-EB55-46D0-BB0E-12EB62E85CD8}.Release|Any CPU.Build.0 = Release|Any CPU
		{DF84B87B-EB55-46D0-BB0E-12EB62E85CD8}.Release|x64.ActiveCfg = Release|Any CPU
		{DF84B87B-EB55-46D0-BB0E-12EB62E85CD8}.Release|x64.Build.0 = Release|Any CPU
		{DF84B87B-EB55-46D0-BB0E-12EB62E85CD8}.Release|x86.ActiveCfg = Release|Any CPU
		{DF84B87B-EB55-46D0-BB0E-12EB62E85CD8}.Release|x86.Build.0 = Release|Any CPU
		{80DFCCE9-FD20-4175-97AD-8F3BB8D83509}.Debug|Any CPU.ActiveCfg = Debug|Any CPU
		{80DFCCE9-FD20-4175-97AD-8F3BB8D83509}.Debug|Any CPU.Build.0 = Debug|Any CPU
		{80DFCCE9-FD20-4175-97AD-8F3BB8D83509}.Debug|Any CPU.Deploy.0 = Debug|Any CPU
		{80DFCCE9-FD20-4175-97AD-8F3BB8D83509}.Debug|x64.ActiveCfg = Debug|Any CPU
		{80DFCCE9-FD20-4175-97AD-8F3BB8D83509}.Debug|x64.Build.0 = Debug|Any CPU
		{80DFCCE9-FD20-4175-97AD-8F3BB8D83509}.Debug|x64.Deploy.0 = Debug|Any CPU
		{80DFCCE9-FD20-4175-97AD-8F3BB8D83509}.Debug|x86.ActiveCfg = Debug|Any CPU
		{80DFCCE9-FD20-4175-97AD-8F3BB8D83509}.Debug|x86.Build.0 = Debug|Any CPU
		{80DFCCE9-FD20-4175-97AD-8F3BB8D83509}.Debug|x86.Deploy.0 = Debug|Any CPU
		{80DFCCE9-FD20-4175-97AD-8F3BB8D83509}.Release|Any CPU.ActiveCfg = Release|Any CPU
		{80DFCCE9-FD20-4175-97AD-8F3BB8D83509}.Release|Any CPU.Build.0 = Release|Any CPU
		{80DFCCE9-FD20-4175-97AD-8F3BB8D83509}.Release|Any CPU.Deploy.0 = Release|Any CPU
		{80DFCCE9-FD20-4175-97AD-8F3BB8D83509}.Release|x64.ActiveCfg = Release|Any CPU
		{80DFCCE9-FD20-4175-97AD-8F3BB8D83509}.Release|x64.Build.0 = Release|Any CPU
		{80DFCCE9-FD20-4175-97AD-8F3BB8D83509}.Release|x64.Deploy.0 = Release|Any CPU
		{80DFCCE9-FD20-4175-97AD-8F3BB8D83509}.Release|x86.ActiveCfg = Release|Any CPU
		{80DFCCE9-FD20-4175-97AD-8F3BB8D83509}.Release|x86.Build.0 = Release|Any CPU
		{80DFCCE9-FD20-4175-97AD-8F3BB8D83509}.Release|x86.Deploy.0 = Release|Any CPU
		{4C928F73-C5A9-4B40-A4C2-6C22397B2A1C}.Debug|Any CPU.ActiveCfg = Debug|Any CPU
		{4C928F73-C5A9-4B40-A4C2-6C22397B2A1C}.Debug|Any CPU.Build.0 = Debug|Any CPU
		{4C928F73-C5A9-4B40-A4C2-6C22397B2A1C}.Debug|Any CPU.Deploy.0 = Debug|Any CPU
		{4C928F73-C5A9-4B40-A4C2-6C22397B2A1C}.Debug|x64.ActiveCfg = Debug|Any CPU
		{4C928F73-C5A9-4B40-A4C2-6C22397B2A1C}.Debug|x64.Build.0 = Debug|Any CPU
		{4C928F73-C5A9-4B40-A4C2-6C22397B2A1C}.Debug|x64.Deploy.0 = Debug|Any CPU
		{4C928F73-C5A9-4B40-A4C2-6C22397B2A1C}.Debug|x86.ActiveCfg = Debug|Any CPU
		{4C928F73-C5A9-4B40-A4C2-6C22397B2A1C}.Debug|x86.Build.0 = Debug|Any CPU
		{4C928F73-C5A9-4B40-A4C2-6C22397B2A1C}.Debug|x86.Deploy.0 = Debug|Any CPU
		{4C928F73-C5A9-4B40-A4C2-6C22397B2A1C}.Release|Any CPU.ActiveCfg = Release|Any CPU
		{4C928F73-C5A9-4B40-A4C2-6C22397B2A1C}.Release|Any CPU.Build.0 = Release|Any CPU
		{4C928F73-C5A9-4B40-A4C2-6C22397B2A1C}.Release|Any CPU.Deploy.0 = Release|Any CPU
		{4C928F73-C5A9-4B40-A4C2-6C22397B2A1C}.Release|x64.ActiveCfg = Release|Any CPU
		{4C928F73-C5A9-4B40-A4C2-6C22397B2A1C}.Release|x64.Build.0 = Release|Any CPU
		{4C928F73-C5A9-4B40-A4C2-6C22397B2A1C}.Release|x64.Deploy.0 = Release|Any CPU
		{4C928F73-C5A9-4B40-A4C2-6C22397B2A1C}.Release|x86.ActiveCfg = Release|Any CPU
		{4C928F73-C5A9-4B40-A4C2-6C22397B2A1C}.Release|x86.Build.0 = Release|Any CPU
		{4C928F73-C5A9-4B40-A4C2-6C22397B2A1C}.Release|x86.Deploy.0 = Release|Any CPU
		{371C39C8-0500-4DA7-8283-E3209351FFF8}.Debug|Any CPU.ActiveCfg = Debug|Any CPU
		{371C39C8-0500-4DA7-8283-E3209351FFF8}.Debug|Any CPU.Build.0 = Debug|Any CPU
		{371C39C8-0500-4DA7-8283-E3209351FFF8}.Debug|Any CPU.Deploy.0 = Debug|Any CPU
		{371C39C8-0500-4DA7-8283-E3209351FFF8}.Debug|x64.ActiveCfg = Debug|Any CPU
		{371C39C8-0500-4DA7-8283-E3209351FFF8}.Debug|x64.Build.0 = Debug|Any CPU
		{371C39C8-0500-4DA7-8283-E3209351FFF8}.Debug|x64.Deploy.0 = Debug|Any CPU
		{371C39C8-0500-4DA7-8283-E3209351FFF8}.Debug|x86.ActiveCfg = Debug|Any CPU
		{371C39C8-0500-4DA7-8283-E3209351FFF8}.Debug|x86.Build.0 = Debug|Any CPU
		{371C39C8-0500-4DA7-8283-E3209351FFF8}.Debug|x86.Deploy.0 = Debug|Any CPU
		{371C39C8-0500-4DA7-8283-E3209351FFF8}.Release|Any CPU.ActiveCfg = Release|Any CPU
		{371C39C8-0500-4DA7-8283-E3209351FFF8}.Release|Any CPU.Build.0 = Release|Any CPU
		{371C39C8-0500-4DA7-8283-E3209351FFF8}.Release|Any CPU.Deploy.0 = Release|Any CPU
		{371C39C8-0500-4DA7-8283-E3209351FFF8}.Release|x64.ActiveCfg = Release|Any CPU
		{371C39C8-0500-4DA7-8283-E3209351FFF8}.Release|x64.Build.0 = Release|Any CPU
		{371C39C8-0500-4DA7-8283-E3209351FFF8}.Release|x64.Deploy.0 = Release|Any CPU
		{371C39C8-0500-4DA7-8283-E3209351FFF8}.Release|x86.ActiveCfg = Release|Any CPU
		{371C39C8-0500-4DA7-8283-E3209351FFF8}.Release|x86.Build.0 = Release|Any CPU
		{371C39C8-0500-4DA7-8283-E3209351FFF8}.Release|x86.Deploy.0 = Release|Any CPU
	EndGlobalSection
	GlobalSection(SolutionProperties) = preSolution
		HideSolutionNode = FALSE
	EndGlobalSection
	GlobalSection(NestedProjects) = preSolution
		{6B30BFE5-8A2A-42DB-B349-4660E143F841} = {A6AFF2B5-9B19-4016-8F04-1B16DA512089}
		{0B01122C-57B5-404A-8931-89ABD515ED9C} = {A6AFF2B5-9B19-4016-8F04-1B16DA512089}
		{5DEDB972-9246-483A-A730-A3A377DF1E6A} = {F1314E58-CC5B-4E15-A368-6148364F8546}
		{ECBE0F43-EDA8-4806-AC4B-72D73D4DC758} = {02EA681E-C7D8-13C7-8484-4AC65E1B71E8}
		{4E46E2EB-1447-4142-9146-5AFB088A60F0} = {02EA681E-C7D8-13C7-8484-4AC65E1B71E8}
		{5DB83114-78AD-44D6-98D9-4681FF07D001} = {ECBE0F43-EDA8-4806-AC4B-72D73D4DC758}
		{15EBE303-3001-4CA7-93E1-1C993B0488D3} = {4E46E2EB-1447-4142-9146-5AFB088A60F0}
		{268A95AB-B563-FE60-F800-9925A3EA1180} = {5DB83114-78AD-44D6-98D9-4681FF07D001}
		{0B3C7051-E54B-C724-9E1F-C731E4FBEAC3} = {5DB83114-78AD-44D6-98D9-4681FF07D001}
		{8AE2E2CA-D49A-4B85-A883-C37188CE7D40} = {15EBE303-3001-4CA7-93E1-1C993B0488D3}
		{2A33D909-B216-4ECB-AC3A-25C598FA4E7F} = {15EBE303-3001-4CA7-93E1-1C993B0488D3}
		{71B046D1-3D34-4287-AC68-3E3149633055} = {15EBE303-3001-4CA7-93E1-1C993B0488D3}
		{63D8B559-FAB5-02D6-7DAD-3A555E858427} = {CE8724E7-D27C-4D8A-AE77-153E2E55600B}
		{5BE8E482-F63D-8EBE-4075-17B9EBFE6AA3} = {CE8724E7-D27C-4D8A-AE77-153E2E55600B}
		{F82D8247-667F-C863-B8E5-7DC8A453679D} = {CE8724E7-D27C-4D8A-AE77-153E2E55600B}
		{EC4DED8A-7A2B-46D7-BC59-F8364E5FADB0} = {B099FDE5-0FA9-4FFA-974F-5E8BC5AB2112}
		{76796685-1432-4213-3523-E2B5FD5AF9B1} = {5DB83114-78AD-44D6-98D9-4681FF07D001}
		{E243BC96-0A4A-4F22-BA3A-871848AA7A84} = {B099FDE5-0FA9-4FFA-974F-5E8BC5AB2112}
		{A55DC3E6-D5F2-4FE1-BF78-A78ABC911E87} = {E243BC96-0A4A-4F22-BA3A-871848AA7A84}
		{7A9E9894-185C-83CB-4D89-F6177A938487} = {D0D59772-536A-40AA-8A58-C285CDEDBFF4}
		{ED4C589A-AC57-4854-B415-E53F8E54494C} = {D0D59772-536A-40AA-8A58-C285CDEDBFF4}
		{FBA5FC4E-6853-40A1-839B-22A8D553D061} = {ECBE0F43-EDA8-4806-AC4B-72D73D4DC758}
		{BF0C19C3-B4C1-48B9-8763-EF3369C3D3DF} = {FBA5FC4E-6853-40A1-839B-22A8D553D061}
		{0C680A37-E5E6-4FC4-BF41-48EFDBF14A1E} = {FBA5FC4E-6853-40A1-839B-22A8D553D061}
		{DF84B87B-EB55-46D0-BB0E-12EB62E85CD8} = {FBA5FC4E-6853-40A1-839B-22A8D553D061}
		{00F2B33E-269D-78EE-BE5A-3D415338FF6A} = {4E46E2EB-1447-4142-9146-5AFB088A60F0}
		{80DFCCE9-FD20-4175-97AD-8F3BB8D83509} = {00F2B33E-269D-78EE-BE5A-3D415338FF6A}
		{4C928F73-C5A9-4B40-A4C2-6C22397B2A1C} = {00F2B33E-269D-78EE-BE5A-3D415338FF6A}
		{371C39C8-0500-4DA7-8283-E3209351FFF8} = {00F2B33E-269D-78EE-BE5A-3D415338FF6A}
	EndGlobalSection
	GlobalSection(ExtensibilityGlobals) = postSolution
		SolutionGuid = {04E1449A-3F2D-41F1-BBBE-2A8F099CB48E}
	EndGlobalSection
	GlobalSection(SharedMSBuildProjectFiles) = preSolution
		RadioHead\RadioHead.projitems*{55877c4d-9983-4438-ae11-51dc19846ddc}*SharedItemsImports = 13
		RadioHead\RadioHead.projitems*{7a9e9894-185c-83cb-4d89-f6177a938487}*SharedItemsImports = 5
	EndGlobalSection
EndGlobal
